{
  "name": "syncroom",
  "version": "0.1.0",
  "lockfileVersion": 3,
  "requires": true,
  "packages": {
    "": {
      "name": "syncroom",
      "version": "0.1.0",
      "workspaces": [
        "client",
        "server"
      ],
      "engines": {
        "node": ">=22"
      }
    },
    "client": {
      "name": "@syncroom/client",
      "version": "0.1.0"
    },
    "node_modules/@syncroom/client": {
      "resolved": "client",
      "link": true
    },
    "node_modules/@syncroom/server": {
      "resolved": "server",
      "link": true
    },
    "server": {
      "name": "@syncroom/server",
      "version": "0.1.0"
    }
  }
}
